
Microsoft Visual Studio Solution File, Format Version 12.00
# Visual Studio Version 16
VisualStudioVersion = 16.0.31112.23
MinimumVisualStudioVersion = 10.0.40219.1
Project("{FAE04EC0-301F-11D3-BF4B-00C04F79EFBC}") = "junior_test", "junior_test\junior_test.csproj", "{F3CE3F38-5544-4D3E-A18C-BE4D114FB459}"
EndProject
Global
	GlobalSection(SolutionConfigurationPlatforms) = preSolution
		Debug|Any CPU = Debug|Any CPU
		Release|Any CPU = Release|Any CPU
	EndGlobalSection
	GlobalSection(ProjectConfigurationPlatforms) = postSolution
		{F3CE3F38-5544-4D3E-A18C-BE4D114FB459}.Debug|Any CPU.ActiveCfg = Debug|Any CPU
		{F3CE3F38-5544-4D3E-A18C-BE4D114FB459}.Debug|Any CPU.Build.0 = Debug|Any CPU
		{F3CE3F38-5544-4D3E-A18C-BE4D114FB459}.Release|Any CPU.ActiveCfg = Release|Any CPU
		{F3CE3F38-5544-4D3E-A18C-BE4D114FB459}.Release|Any CPU.Build.0 = Release|Any CPU
	EndGlobalSection
	GlobalSection(SolutionProperties) = preSolution
		HideSolutionNode = FALSE
	EndGlobalSection
	GlobalSection(ExtensibilityGlobals) = postSolution
		SolutionGuid = {D6D2AE04-33FF-4C27-B114-B95A7D703D1E}
	EndGlobalSection
EndGlobal
